github.com/go-erasure/reedsolomon v0.5.0 h1:i9dfjAi7rTRvE7xekv/oxeeVVwrpF/F+V+apfdwQCj8=
github.com/go-erasure/reedsolomon v0.5.0/go.mod h1:bJapl2onP43NrNgETR9ainWYtsWnmEgLZZh8ErChkUU=
golang.org/x/sys v0.48.0 h1:bbX/i/6MgT9BVLM9RT1thmxL04yeTAhbEz4SyadbXoo=
golang.org/x/sys v0.48.0/go.mod h1:hNLxWAXmnKAxqDtdwIYC4bM9oQPEecfsnNMuSxOs3og=
